
Microsoft Visual Studio Solution File, Format Version 12.00
# Visual Studio 15
VisualStudioVersion = 15.0.28307.645
MinimumVisualStudioVersion = 10.0.40219.1
Project("{FAE04EC0-301F-11D3-BF4B-00C04F79EFBC}") = "MC", "MC\MC.csproj", "{0D64485E-EE5F-4D9B-8136-FE9DE662AFB6}"
EndProject
Global
	GlobalSection(SolutionConfigurationPlatforms) = preSolution
		Debug|Any CPU = Debug|Any CPU
		Release|Any CPU = Release|Any CPU
	EndGlobalSection
	GlobalSection(ProjectConfigurationPlatforms) = postSolution
		{0D64485E-EE5F-4D9B-8136-FE9DE662AFB6}.Debug|Any CPU.ActiveCfg = Debug|Any CPU
		{0D64485E-EE5F-4D9B-8136-FE9DE662AFB6}.Debug|Any CPU.Build.0 = Debug|Any CPU
		{0D64485E-EE5F-4D9B-8136-FE9DE662AFB6}.Release|Any CPU.ActiveCfg = Release|Any CPU
		{0D64485E-EE5F-4D9B-8136-FE9DE662AFB6}.Release|Any CPU.Build.0 = Release|Any CPU
	EndGlobalSection
	GlobalSection(SolutionProperties) = preSolution
		HideSolutionNode = FALSE
	EndGlobalSection
	GlobalSection(ExtensibilityGlobals) = postSolution
		SolutionGuid = {188C674C-651A-4BFE-98AC-B09219B1B94C}
	EndGlobalSection
EndGlobal
